
Microsoft Visual Studio Solution File, Format Version 12.00
# Visual Studio 15
VisualStudioVersion = 15.0.28010.2003
MinimumVisualStudioVersion = 10.0.40219.1
Project("{FAE04EC0-301F-11D3-BF4B-00C04F79EFBC}") = "Random Number Generator", "Random Number Generator\Random Number Generator.csproj", "{7AEBACD2-0311-4F87-9FA2-0150F325C986}"
EndProject
Global
	GlobalSection(SolutionConfigurationPlatforms) = preSolution
		Debug|Any CPU = Debug|Any CPU
		Release|Any CPU = Release|Any CPU
	EndGlobalSection
	GlobalSection(ProjectConfigurationPlatforms) = postSolution
		{7AEBACD2-0311-4F87-9FA2-0150F325C986}.Debug|Any CPU.ActiveCfg = Debug|Any CPU
		{7AEBACD2-0311-4F87-9FA2-0150F325C986}.Debug|Any CPU.Build.0 = Debug|Any CPU
		{7AEBACD2-0311-4F87-9FA2-0150F325C986}.Release|Any CPU.ActiveCfg = Release|Any CPU
		{7AEBACD2-0311-4F87-9FA2-0150F325C986}.Release|Any CPU.Build.0 = Release|Any CPU
	EndGlobalSection
	GlobalSection(SolutionProperties) = preSolution
		HideSolutionNode = FALSE
	EndGlobalSection
	GlobalSection(ExtensibilityGlobals) = postSolution
		SolutionGuid = {FFB21528-9ED6-48B6-8269-BF3D1E87B1F1}
	EndGlobalSection
EndGlobal
